
Microsoft Visual Studio Solution File, Format Version 12.00
# Visual Studio Version 16
VisualStudioVersion = 16.0.30907.101
MinimumVisualStudioVersion = 10.0.40219.1
Project("{FAE04EC0-301F-11D3-BF4B-00C04F79EFBC}") = "PaymentContext.Domain", "PaymentContext.Domain\PaymentContext.Domain.csproj", "{6BCFE801-F40A-4118-89A7-C7DA59E33659}"
EndProject
Project("{FAE04EC0-301F-11D3-BF4B-00C04F79EFBC}") = "PaymentContext.Shared", "PaymentContext.Shared\PaymentContext.Shared.csproj", "{1FEA5075-C5EC-4AF9-AFCA-1F40A3CAE90C}"
EndProject
Project("{FAE04EC0-301F-11D3-BF4B-00C04F79EFBC}") = "PaymentContext.Tests", "PaymentContext.Tests\PaymentContext.Tests.csproj", "{D89763FA-4ABE-4834-9B82-63DDFE46E818}"
EndProject
Global
	GlobalSection(SolutionConfigurationPlatforms) = preSolution
		Debug|Any CPU = Debug|Any CPU
		Release|Any CPU = Release|Any CPU
	EndGlobalSection
	GlobalSection(ProjectConfigurationPlatforms) = postSolution
		{6BCFE801-F40A-4118-89A7-C7DA59E33659}.Debug|Any CPU.ActiveCfg = Debug|Any CPU
		{6BCFE801-F40A-4118-89A7-C7DA59E33659}.Debug|Any CPU.Build.0 = Debug|Any CPU
		{6BCFE801-F40A-4118-89A7-C7DA59E33659}.Release|Any CPU.ActiveCfg = Release|Any CPU
		{6BCFE801-F40A-4118-89A7-C7DA59E33659}.Release|Any CPU.Build.0 = Release|Any CPU
		{1FEA5075-C5EC-4AF9-AFCA-1F40A3CAE90C}.Debug|Any CPU.ActiveCfg = Debug|Any CPU
		{1FEA5075-C5EC-4AF9-AFCA-1F40A3CAE90C}.Debug|Any CPU.Build.0 = Debug|Any CPU
		{1FEA5075-C5EC-4AF9-AFCA-1F40A3CAE90C}.Release|Any CPU.ActiveCfg = Release|Any CPU
		{1FEA5075-C5EC-4AF9-AFCA-1F40A3CAE90C}.Release|Any CPU.Build.0 = Release|Any CPU
		{D89763FA-4ABE-4834-9B82-63DDFE46E818}.Debug|Any CPU.ActiveCfg = Debug|Any CPU
		{D89763FA-4ABE-4834-9B82-63DDFE46E818}.Debug|Any CPU.Build.0 = Debug|Any CPU
		{D89763FA-4ABE-4834-9B82-63DDFE46E818}.Release|Any CPU.ActiveCfg = Release|Any CPU
		{D89763FA-4ABE-4834-9B82-63DDFE46E818}.Release|Any CPU.Build.0 = Release|Any CPU
	EndGlobalSection
	GlobalSection(SolutionProperties) = preSolution
		HideSolutionNode = FALSE
	EndGlobalSection
	GlobalSection(ExtensibilityGlobals) = postSolution
		SolutionGuid = {76FE4EA2-7891-44CC-9C33-21D62139148B}
	EndGlobalSection
EndGlobal
